
Microsoft Visual Studio Solution File, Format Version 12.00
# Visual Studio Version 17
VisualStudioVersion = 17.1.32210.238
MinimumVisualStudioVersion = 10.0.40219.1
Project("{FAE04EC0-301F-11D3-BF4B-00C04F79EFBC}") = "2FAImplementation", "2FAImplementation\2FAImplementation.csproj", "{C666A75B-7D86-4F68-BB4F-180AAFC12427}"
EndProject
Global
	GlobalSection(SolutionConfigurationPlatforms) = preSolution
		Debug|Any CPU = Debug|Any CPU
		Release|Any CPU = Release|Any CPU
	EndGlobalSection
	GlobalSection(ProjectConfigurationPlatforms) = postSolution
		{C666A75B-7D86-4F68-BB4F-180AAFC12427}.Debug|Any CPU.ActiveCfg = Debug|Any CPU
		{C666A75B-7D86-4F68-BB4F-180AAFC12427}.Debug|Any CPU.Build.0 = Debug|Any CPU
		{C666A75B-7D86-4F68-BB4F-180AAFC12427}.Release|Any CPU.ActiveCfg = Release|Any CPU
		{C666A75B-7D86-4F68-BB4F-180AAFC12427}.Release|Any CPU.Build.0 = Release|Any CPU
	EndGlobalSection
	GlobalSection(SolutionProperties) = preSolution
		HideSolutionNode = FALSE
	EndGlobalSection
	GlobalSection(ExtensibilityGlobals) = postSolution
		SolutionGuid = {F1846095-CA33-43B7-87A6-14461496988B}
	EndGlobalSection
EndGlobal
